// !$*UTF8*$!
{
	archiveVersion = 1;
	classes = {
	};
	objectVersion = 56;
	objects = {

/* Begin PBXBuildFile section */
		18DACC2B2D5B18F6001A2435 /* VenueListApp.swift in Sources */ = {isa = PBXBuildFile; fileRef = 18DACC2A2D5B18F6001A2435 /* VenueListApp.swift */; };
		18DACC2D2D5B18F6001A2435 /* ContentView.swift in Sources */ = {isa = PBXBuildFile; fileRef = 18DACC2C2D5B18F6001A2435 /* ContentView.swift */; };
		18DACC2F2D5B18F8001A2435 /* Assets.xcassets in Resources */ = {isa = PBXBuildFile; fileRef = 18DACC2E2D5B18F8001A2435 /* Assets.xcassets */; };
		18DACC332D5B18F8001A2435 /* Preview Assets.xcassets in Resources */ = {isa = PBXBuildFile; fileRef = 18DACC322D5B18F8001A2435 /* Preview Assets.xcassets */; };
		18DACC3C2D5B1ACE001A2435 /* Venue.swift in Sources */ = {isa = PBXBuildFile; fileRef = 18DACC3B2D5B1ACE001A2435 /* Venue.swift */; };
		18DACC3E2D5B1BED001A2435 /* VenueListViewModel.swift in Sources */ = {isa = PBXBuildFile; fileRef = 18DACC3D2D5B1BED001A2435 /* VenueListViewModel.swift */; };
		18DACC402D5B1C09001A2435 /* VenueListView.swift in Sources */ = {isa = PBXBuildFile; fileRef = 18DACC3F2D5B1C09001A2435 /* VenueListView.swift */; };
		18DACC422D5B1DCD001A2435 /* VenueDetailView.swift in Sources */ = {isa = PBXBuildFile; fileRef = 18DACC412D5B1DCD001A2435 /* VenueDetailView.swift */; };
		18DACC442D5B2113001A2435 /* LocationManager.swift in Sources */ = {isa = PBXBuildFile; fileRef = 18DACC432D5B2113001A2435 /* LocationManager.swift */; };
		18DACC462D5B38EE001A2435 /* VenueDetailViewModel.swift in Sources */ = {isa = PBXBuildFile; fileRef = 18DACC452D5B38EE001A2435 /* VenueDetailViewModel.swift */; };
		18DACC482D5B3B0A001A2435 /* BarcodeScannerView.swift in Sources */ = {isa = PBXBuildFile; fileRef = 18DACC472D5B3B0A001A2435 /* BarcodeScannerView.swift */; };
		18DACC4A2D5B3FB4001A2435 /* TicketDetail.swift in Sources */ = {isa = PBXBuildFile; fileRef = 18DACC492D5B3FB4001A2435 /* TicketDetail.swift */; };
/* End PBXBuildFile section */

/* Begin PBXFileReference section */
		18DACC272D5B18F6001A2435 /* VenueList.app */ = {isa = PBXFileReference; explicitFileType = wrapper.application; includeInIndex = 0; path = VenueList.app; sourceTree = BUILT_PRODUCTS_DIR; };
		18DACC2A2D5B18F6001A2435 /* VenueListApp.swift */ = {isa = PBXFileReference; lastKnownFileType = sourcecode.swift; path = VenueListApp.swift; sourceTree = "<group>"; };
		18DACC2C2D5B18F6001A2435 /* ContentView.swift */ = {isa = PBXFileReference; lastKnownFileType = sourcecode.swift; path = ContentView.swift; sourceTree = "<group>"; };
		18DACC2E2D5B18F8001A2435 /* Assets.xcassets */ = {isa = PBXFileReference; lastKnownFileType = folder.assetcatalog; path = Assets.xcassets; sourceTree = "<group>"; };
		18DACC302D5B18F8001A2435 /* VenueList.entitlements */ = {isa = PBXFileReference; lastKnownFileType = text.plist.entitlements; path = VenueList.entitlements; sourceTree = "<group>"; };
		18DACC322D5B18F8001A2435 /* Preview Assets.xcassets */ = {isa = PBXFileReference; lastKnownFileType = folder.assetcatalog; path = "Preview Assets.xcassets"; sourceTree = "<group>"; };
		18DACC3B2D5B1ACE001A2435 /* Venue.swift */ = {isa = PBXFileReference; lastKnownFileType = sourcecode.swift; path = Venue.swift; sourceTree = "<group>"; };
		18DACC3D2D5B1BED001A2435 /* VenueListViewModel.swift */ = {isa = PBXFileReference; lastKnownFileType = sourcecode.swift; path = VenueListViewModel.swift; sourceTree = "<group>"; };
		18DACC3F2D5B1C09001A2435 /* VenueListView.swift */ = {isa = PBXFileReference; lastKnownFileType = sourcecode.swift; path = VenueListView.swift; sourceTree = "<group>"; };
		18DACC412D5B1DCD001A2435 /* VenueDetailView.swift */ = {isa = PBXFileReference; lastKnownFileType = sourcecode.swift; path = VenueDetailView.swift; sourceTree = "<group>"; };
		18DACC432D5B2113001A2435 /* LocationManager.swift */ = {isa = PBXFileReference; lastKnownFileType = sourcecode.swift; path = LocationManager.swift; sourceTree = "<group>"; };
		18DACC452D5B38EE001A2435 /* VenueDetailViewModel.swift */ = {isa = PBXFileReference; lastKnownFileType = sourcecode.swift; path = VenueDetailViewModel.swift; sourceTree = "<group>"; };
		18DACC472D5B3B0A001A2435 /* BarcodeScannerView.swift */ = {isa = PBXFileReference; lastKnownFileType = sourcecode.swift; path = BarcodeScannerView.swift; sourceTree = "<group>"; };
		18DACC492D5B3FB4001A2435 /* TicketDetail.swift */ = {isa = PBXFileReference; lastKnownFileType = sourcecode.swift; path = TicketDetail.swift; sourceTree = "<group>"; };
/* End PBXFileReference section */

/* Begin PBXFrameworksBuildPhase section */
		18DACC242D5B18F6001A2435 /* Frameworks */ = {
			isa = PBXFrameworksBuildPhase;
			buildActionMask = 2147483647;
			files = (
			);
			runOnlyForDeploymentPostprocessing = 0;
		};
/* End PBXFrameworksBuildPhase section */

/* Begin PBXGroup section */
		18DACC1E2D5B18F6001A2435 = {
			isa = PBXGroup;
			children = (
				18DACC292D5B18F6001A2435 /* VenueList */,
				18DACC282D5B18F6001A2435 /* Products */,
			);
			sourceTree = "<group>";
		};
		18DACC282D5B18F6001A2435 /* Products */ = {
			isa = PBXGroup;
			children = (
				18DACC272D5B18F6001A2435 /* VenueList.app */,
			);
			name = Products;
			sourceTree = "<group>";
		};
		18DACC292D5B18F6001A2435 /* VenueList */ = {
			isa = PBXGroup;
			children = (
				18DACC3A2D5B1A7B001A2435 /* Details */,
				18DACC392D5B1A6D001A2435 /* List */,
				18DACC2A2D5B18F6001A2435 /* VenueListApp.swift */,
				18DACC2C2D5B18F6001A2435 /* ContentView.swift */,
				18DACC2E2D5B18F8001A2435 /* Assets.xcassets */,
				18DACC302D5B18F8001A2435 /* VenueList.entitlements */,
				18DACC312D5B18F8001A2435 /* Preview Content */,
			);
			path = VenueList;
			sourceTree = "<group>";
		};
		18DACC312D5B18F8001A2435 /* Preview Content */ = {
			isa = PBXGroup;
			children = (
				18DACC322D5B18F8001A2435 /* Preview Assets.xcassets */,
			);
			path = "Preview Content";
			sourceTree = "<group>";
		};
		18DACC392D5B1A6D001A2435 /* List */ = {
			isa = PBXGroup;
			children = (
				18DACC3B2D5B1ACE001A2435 /* Venue.swift */,
				18DACC3D2D5B1BED001A2435 /* VenueListViewModel.swift */,
				18DACC3F2D5B1C09001A2435 /* VenueListView.swift */,
				18DACC432D5B2113001A2435 /* LocationManager.swift */,
			);
			path = List;
			sourceTree = "<group>";
		};
		18DACC3A2D5B1A7B001A2435 /* Details */ = {
			isa = PBXGroup;
			children = (
				18DACC412D5B1DCD001A2435 /* VenueDetailView.swift */,
				18DACC452D5B38EE001A2435 /* VenueDetailViewModel.swift */,
				18DACC472D5B3B0A001A2435 /* BarcodeScannerView.swift */,
				18DACC492D5B3FB4001A2435 /* TicketDetail.swift */,
			);
			path = Details;
			sourceTree = "<group>";
		};
/* End PBXGroup section */

/* Begin PBXNativeTarget section */
		18DACC262D5B18F6001A2435 /* VenueList */ = {
			isa = PBXNativeTarget;
			buildConfigurationList = 18DACC362D5B18F8001A2435 /* Build configuration list for PBXNativeTarget "VenueList" */;
			buildPhases = (
				18DACC232D5B18F6001A2435 /* Sources */,
				18DACC242D5B18F6001A2435 /* Frameworks */,
				18DACC252D5B18F6001A2435 /* Resources */,
			);
			buildRules = (
			);
			dependencies = (
			);
			name = VenueList;
			productName = VenueList;
			productReference = 18DACC272D5B18F6001A2435 /* VenueList.app */;
			productType = "com.apple.product-type.application";
		};
/* End PBXNativeTarget section */

/* Begin PBXProject section */
		18DACC1F2D5B18F6001A2435 /* Project object */ = {
			isa = PBXProject;
			attributes = {
				BuildIndependentTargetsInParallel = 1;
				LastSwiftUpdateCheck = 1520;
				LastUpgradeCheck = 1520;
				TargetAttributes = {
					18DACC262D5B18F6001A2435 = {
						CreatedOnToolsVersion = 15.2;
					};
				};
			};
			buildConfigurationList = 18DACC222D5B18F6001A2435 /* Build configuration list for PBXProject "VenueList" */;
			compatibilityVersion = "Xcode 14.0";
			developmentRegion = en;
			hasScannedForEncodings = 0;
			knownRegions = (
				en,
				Base,
			);
			mainGroup = 18DACC1E2D5B18F6001A2435;
			productRefGroup = 18DACC282D5B18F6001A2435 /* Products */;
			projectDirPath = "";
			projectRoot = "";
			targets = (
				18DACC262D5B18F6001A2435 /* VenueList */,
			);
		};
/* End PBXProject section */

/* Begin PBXResourcesBuildPhase section */
		18DACC252D5B18F6001A2435 /* Resources */ = {
			isa = PBXResourcesBuildPhase;
			buildActionMask = 2147483647;
			files = (
				18DACC332D5B18F8001A2435 /* Preview Assets.xcassets in Resources */,
				18DACC2F2D5B18F8001A2435 /* Assets.xcassets in Resources */,
			);
			runOnlyForDeploymentPostprocessing = 0;
		};
/* End PBXResourcesBuildPhase section */

/* Begin PBXSourcesBuildPhase section */
		18DACC232D5B18F6001A2435 /* Sources */ = {
			isa = PBXSourcesBuildPhase;
			buildActionMask = 2147483647;
			files = (
				18DACC2D2D5B18F6001A2435 /* ContentView.swift in Sources */,
				18DACC3C2D5B1ACE001A2435 /* Venue.swift in Sources */,
				18DACC3E2D5B1BED001A2435 /* VenueListViewModel.swift in Sources */,
				18DACC442D5B2113001A2435 /* LocationManager.swift in Sources */,
				18DACC422D5B1DCD001A2435 /* VenueDetailView.swift in Sources */,
				18DACC402D5B1C09001A2435 /* VenueListView.swift in Sources */,
				18DACC4A2D5B3FB4001A2435 /* TicketDetail.swift in Sources */,
				18DACC482D5B3B0A001A2435 /* BarcodeScannerView.swift in Sources */,
				18DACC2B2D5B18F6001A2435 /* VenueListApp.swift in Sources */,
				18DACC462D5B38EE001A2435 /* VenueDetailViewModel.swift in Sources */,
			);
			runOnlyForDeploymentPostprocessing = 0;
		};
/* End PBXSourcesBuildPhase section */

/* Begin XCBuildConfiguration section */
		18DACC342D5B18F8001A2435 /* Debug */ = {
			isa = XCBuildConfiguration;
			buildSettings = {
				ALWAYS_SEARCH_USER_PATHS = NO;
				ASSETCATALOG_COMPILER_GENERATE_SWIFT_ASSET_SYMBOL_EXTENSIONS = YES;
				CLANG_ANALYZER_NONNULL = YES;
				CLANG_ANALYZER_NUMBER_OBJECT_CONVERSION = YES_AGGRESSIVE;
				CLANG_CXX_LANGUAGE_STANDARD = "gnu++20";
				CLANG_ENABLE_MODULES = YES;
				CLANG_ENABLE_OBJC_ARC = YES;
				CLANG_ENABLE_OBJC_WEAK = YES;
				CLANG_WARN_BLOCK_CAPTURE_AUTORELEASING = YES;
				CLANG_WARN_BOOL_CONVERSION = YES;
				CLANG_WARN_COMMA = YES;
				CLANG_WARN_CONSTANT_CONVERSION = YES;
				CLANG_WARN_DEPRECATED_OBJC_IMPLEMENTATIONS = YES;
				CLANG_WARN_DIRECT_OBJC_ISA_USAGE = YES_ERROR;
				CLANG_WARN_DOCUMENTATION_COMMENTS = YES;
				CLANG_WARN_EMPTY_BODY = YES;
				CLANG_WARN_ENUM_CONVERSION = YES;
				CLANG_WARN_INFINITE_RECURSION = YES;
				CLANG_WARN_INT_CONVERSION = YES;
				CLANG_WARN_NON_LITERAL_NULL_CONVERSION = YES;
				CLANG_WARN_OBJC_IMPLICIT_RETAIN_SELF = YES;
				CLANG_WARN_OBJC_LITERAL_CONVERSION = YES;
				CLANG_WARN_OBJC_ROOT_CLASS = YES_ERROR;
				CLANG_WARN_QUOTED_INCLUDE_IN_FRAMEWORK_HEADER = YES;
				CLANG_WARN_RANGE_LOOP_ANALYSIS = YES;
				CLANG_WARN_STRICT_PROTOTYPES = YES;
				CLANG_WARN_SUSPICIOUS_MOVE = YES;
				CLANG_WARN_UNGUARDED_AVAILABILITY = YES_AGGRESSIVE;
				CLANG_WARN_UNREACHABLE_CODE = YES;
				CLANG_WARN__DUPLICATE_METHOD_MATCH = YES;
				COPY_PHASE_STRIP = NO;
				DEBUG_INFORMATION_FORMAT = dwarf;
				ENABLE_STRICT_OBJC_MSGSEND = YES;
				ENABLE_TESTABILITY = YES;
				ENABLE_USER_SCRIPT_SANDBOXING = YES;
				GCC_C_LANGUAGE_STANDARD = gnu17;
				GCC_DYNAMIC_NO_PIC = NO;
				GCC_NO_COMMON_BLOCKS = YES;
				GCC_OPTIMIZATION_LEVEL = 0;
				GCC_PREPROCESSOR_DEFINITIONS = (
					"DEBUG=1",
					"$(inherited)",
				);
				GCC_WARN_64_TO_32_BIT_CONVERSION = YES;
				GCC_WARN_ABOUT_RETURN_TYPE = YES_ERROR;
				GCC_WARN_UNDECLARED_SELECTOR = YES;
				GCC_WARN_UNINITIALIZED_AUTOS = YES_AGGRESSIVE;
				GCC_WARN_UNUSED_FUNCTION = YES;
				GCC_WARN_UNUSED_VARIABLE = YES;
				LOCALIZATION_PREFERS_STRING_CATALOGS = YES;
				MTL_ENABLE_DEBUG_INFO = INCLUDE_SOURCE;
				MTL_FAST_MATH = YES;
				ONLY_ACTIVE_ARCH = YES;
				SWIFT_ACTIVE_COMPILATION_CONDITIONS = "DEBUG $(inherited)";
				SWIFT_OPTIMIZATION_LEVEL = "-Onone";
			};
			name = Debug;
		};
		18DACC352D5B18F8001A2435 /* Release */ = {
			isa = XCBuildConfiguration;
			buildSettings = {
				ALWAYS_SEARCH_USER_PATHS = NO;
				ASSETCATALOG_COMPILER_GENERATE_SWIFT_ASSET_SYMBOL_EXTENSIONS = YES;
				CLANG_ANALYZER_NONNULL = YES;
				CLANG_ANALYZER_NUMBER_OBJECT_CONVERSION = YES_AGGRESSIVE;
				CLANG_CXX_LANGUAGE_STANDARD = "gnu++20";
				CLANG_ENABLE_MODULES = YES;
				CLANG_ENABLE_OBJC_ARC = YES;
				CLANG_ENABLE_OBJC_WEAK = YES;
				CLANG_WARN_BLOCK_CAPTURE_AUTORELEASING = YES;
				CLANG_WARN_BOOL_CONVERSION = YES;
				CLANG_WARN_COMMA = YES;
				CLANG_WARN_CONSTANT_CONVERSION = YES;
				CLANG_WARN_DEPRECATED_OBJC_IMPLEMENTATIONS = YES;
				CLANG_WARN_DIRECT_OBJC_ISA_USAGE = YES_ERROR;
				CLANG_WARN_DOCUMENTATION_COMMENTS = YES;
				CLANG_WARN_EMPTY_BODY = YES;
				CLANG_WARN_ENUM_CONVERSION = YES;
				CLANG_WARN_INFINITE_RECURSION = YES;
				CLANG_WARN_INT_CONVERSION = YES;
				CLANG_WARN_NON_LITERAL_NULL_CONVERSION = YES;
				CLANG_WARN_OBJC_IMPLICIT_RETAIN_SELF = YES;
				CLANG_WARN_OBJC_LITERAL_CONVERSION = YES;
				CLANG_WARN_OBJC_ROOT_CLASS = YES_ERROR;
				CLANG_WARN_QUOTED_INCLUDE_IN_FRAMEWORK_HEADER = YES;
				CLANG_WARN_RANGE_LOOP_ANALYSIS = YES;
				CLANG_WARN_STRICT_PROTOTYPES = YES;
				CLANG_WARN_SUSPICIOUS_MOVE = YES;
				CLANG_WARN_UNGUARDED_AVAILABILITY = YES_AGGRESSIVE;
				CLANG_WARN_UNREACHABLE_CODE = YES;
				CLANG_WARN__DUPLICATE_METHOD_MATCH = YES;
				COPY_PHASE_STRIP = NO;
				DEBUG_INFORMATION_FORMAT = "dwarf-with-dsym";
				ENABLE_NS_ASSERTIONS = NO;
				ENABLE_STRICT_OBJC_MSGSEND = YES;
				ENABLE_USER_SCRIPT_SANDBOXING = YES;
				GCC_C_LANGUAGE_STANDARD = gnu17;
				GCC_NO_COMMON_BLOCKS = YES;
				GCC_WARN_64_TO_32_BIT_CONVERSION = YES;
				GCC_WARN_ABOUT_RETURN_TYPE = YES_ERROR;
				GCC_WARN_UNDECLARED_SELECTOR = YES;
				GCC_WARN_UNINITIALIZED_AUTOS = YES_AGGRESSIVE;
				GCC_WARN_UNUSED_FUNCTION = YES;
				GCC_WARN_UNUSED_VARIABLE = YES;
				LOCALIZATION_PREFERS_STRING_CATALOGS = YES;
				MTL_ENABLE_DEBUG_INFO = NO;
				MTL_FAST_MATH = YES;
				SWIFT_COMPILATION_MODE = wholemodule;
			};
			name = Release;
		};
		18DACC372D5B18F8001A2435 /* Debug */ = {
			isa = XCBuildConfiguration;
			buildSettings = {
				ASSETCATALOG_COMPILER_APPICON_NAME = AppIcon;
				ASSETCATALOG_COMPILER_GLOBAL_ACCENT_COLOR_NAME = AccentColor;
				CODE_SIGN_ENTITLEMENTS = VenueList/VenueList.entitlements;
				CODE_SIGN_IDENTITY = "Apple Development";
				CODE_SIGN_STYLE = Automatic;
				CURRENT_PROJECT_VERSION = 1;
				DEVELOPMENT_ASSET_PATHS = "\"VenueList/Preview Content\"";
				DEVELOPMENT_TEAM = 2VQ6P5F96W;
				ENABLE_PREVIEWS = YES;
				GENERATE_INFOPLIST_FILE = YES;
				INFOPLIST_KEY_NSCameraUsageDescription = "";
				INFOPLIST_KEY_NSLocationAlwaysUsageDescription = "";
				INFOPLIST_KEY_NSLocationWhenInUseUsageDescription = "";
				"INFOPLIST_KEY_UIApplicationSceneManifest_Generation[sdk=iphoneos*]" = YES;
				"INFOPLIST_KEY_UIApplicationSceneManifest_Generation[sdk=iphonesimulator*]" = YES;
				"INFOPLIST_KEY_UIApplicationSupportsIndirectInputEvents[sdk=iphoneos*]" = YES;
				"INFOPLIST_KEY_UIApplicationSupportsIndirectInputEvents[sdk=iphonesimulator*]" = YES;
				"INFOPLIST_KEY_UILaunchScreen_Generation[sdk=iphoneos*]" = YES;
				"INFOPLIST_KEY_UILaunchScreen_Generation[sdk=iphonesimulator*]" = YES;
				"INFOPLIST_KEY_UIStatusBarStyle[sdk=iphoneos*]" = UIStatusBarStyleDefault;
				"INFOPLIST_KEY_UIStatusBarStyle[sdk=iphonesimulator*]" = UIStatusBarStyleDefault;
				INFOPLIST_KEY_UISupportedInterfaceOrientations_iPad = "UIInterfaceOrientationPortrait UIInterfaceOrientationPortraitUpsideDown UIInterfaceOrientationLandscapeLeft UIInterfaceOrientationLandscapeRight";
				INFOPLIST_KEY_UISupportedInterfaceOrientations_iPhone = "UIInterfaceOrientationPortrait UIInterfaceOrientationLandscapeLeft UIInterfaceOrientationLandscapeRight";
				IPHONEOS_DEPLOYMENT_TARGET = 17.2;
				LD_RUNPATH_SEARCH_PATHS = "@executable_path/Frameworks";
				"LD_RUNPATH_SEARCH_PATHS[sdk=macosx*]" = "@executable_path/../Frameworks";
				MACOSX_DEPLOYMENT_TARGET = 14.2;
				MARKETING_VERSION = 1.0;
				PRODUCT_BUNDLE_IDENTIFIER = com.ncs.Cast4.staging;
				PRODUCT_NAME = "$(TARGET_NAME)";
				PROVISIONING_PROFILE_SPECIFIER = "";
				SDKROOT = auto;
				SUPPORTED_PLATFORMS = "iphoneos iphonesimulator";
				SUPPORTS_MACCATALYST = NO;
				SWIFT_EMIT_LOC_STRINGS = YES;
				SWIFT_VERSION = 5.0;
				TARGETED_DEVICE_FAMILY = "1,2";
			};
			name = Debug;
		};
		18DACC382D5B18F8001A2435 /* Release */ = {
			isa = XCBuildConfiguration;
			buildSettings = {
				ASSETCATALOG_COMPILER_APPICON_NAME = AppIcon;
				ASSETCATALOG_COMPILER_GLOBAL_ACCENT_COLOR_NAME = AccentColor;
				CODE_SIGN_ENTITLEMENTS = VenueList/VenueList.entitlements;
				CODE_SIGN_IDENTITY = "Apple Development";
				CODE_SIGN_STYLE = Automatic;
				CURRENT_PROJECT_VERSION = 1;
				DEVELOPMENT_ASSET_PATHS = "\"VenueList/Preview Content\"";
				DEVELOPMENT_TEAM = 2VQ6P5F96W;
				ENABLE_PREVIEWS = YES;
				GENERATE_INFOPLIST_FILE = YES;
				INFOPLIST_KEY_NSCameraUsageDescription = "";
				INFOPLIST_KEY_NSLocationAlwaysUsageDescription = "";
				INFOPLIST_KEY_NSLocationWhenInUseUsageDescription = "";
				"INFOPLIST_KEY_UIApplicationSceneManifest_Generation[sdk=iphoneos*]" = YES;
				"INFOPLIST_KEY_UIApplicationSceneManifest_Generation[sdk=iphonesimulator*]" = YES;
				"INFOPLIST_KEY_UIApplicationSupportsIndirectInputEvents[sdk=iphoneos*]" = YES;
				"INFOPLIST_KEY_UIApplicationSupportsIndirectInputEvents[sdk=iphonesimulator*]" = YES;
				"INFOPLIST_KEY_UILaunchScreen_Generation[sdk=iphoneos*]" = YES;
				"INFOPLIST_KEY_UILaunchScreen_Generation[sdk=iphonesimulator*]" = YES;
				"INFOPLIST_KEY_UIStatusBarStyle[sdk=iphoneos*]" = UIStatusBarStyleDefault;
				"INFOPLIST_KEY_UIStatusBarStyle[sdk=iphonesimulator*]" = UIStatusBarStyleDefault;
				INFOPLIST_KEY_UISupportedInterfaceOrientations_iPad = "UIInterfaceOrientationPortrait UIInterfaceOrientationPortraitUpsideDown UIInterfaceOrientationLandscapeLeft UIInterfaceOrientationLandscapeRight";
				INFOPLIST_KEY_UISupportedInterfaceOrientations_iPhone = "UIInterfaceOrientationPortrait UIInterfaceOrientationLandscapeLeft UIInterfaceOrientationLandscapeRight";
				IPHONEOS_DEPLOYMENT_TARGET = 17.2;
				LD_RUNPATH_SEARCH_PATHS = "@executable_path/Frameworks";
				"LD_RUNPATH_SEARCH_PATHS[sdk=macosx*]" = "@executable_path/../Frameworks";
				MACOSX_DEPLOYMENT_TARGET = 14.2;
				MARKETING_VERSION = 1.0;
				PRODUCT_BUNDLE_IDENTIFIER = com.ncs.Cast4.staging;
				PRODUCT_NAME = "$(TARGET_NAME)";
				PROVISIONING_PROFILE_SPECIFIER = "";
				SDKROOT = auto;
				SUPPORTED_PLATFORMS = "iphoneos iphonesimulator";
				SUPPORTS_MACCATALYST = NO;
				SWIFT_EMIT_LOC_STRINGS = YES;
				SWIFT_VERSION = 5.0;
				TARGETED_DEVICE_FAMILY = "1,2";
			};
			name = Release;
		};
/* End XCBuildConfiguration section */

/* Begin XCConfigurationList section */
		18DACC222D5B18F6001A2435 /* Build configuration list for PBXProject "VenueList" */ = {
			isa = XCConfigurationList;
			buildConfigurations = (
				18DACC342D5B18F8001A2435 /* Debug */,
				18DACC352D5B18F8001A2435 /* Release */,
			);
			defaultConfigurationIsVisible = 0;
			defaultConfigurationName = Release;
		};
		18DACC362D5B18F8001A2435 /* Build configuration list for PBXNativeTarget "VenueList" */ = {
			isa = XCConfigurationList;
			buildConfigurations = (
				18DACC372D5B18F8001A2435 /* Debug */,
				18DACC382D5B18F8001A2435 /* Release */,
			);
			defaultConfigurationIsVisible = 0;
			defaultConfigurationName = Release;
		};
/* End XCConfigurationList section */
	};
	rootObject = 18DACC1F2D5B18F6001A2435 /* Project object */;
}
